
Microsoft Visual Studio Solution File, Format Version 12.00
# Visual Studio 15
VisualStudioVersion = 15.0.26730.3
MinimumVisualStudioVersion = 10.0.40219.1
Project("{9A19103F-16F7-4668-BE54-9A1E7A4F7556}") = "Exp", "Exp\Exp.csproj", "{955321ED-BE49-46E2-9465-B4A23E2411B3}"
EndProject
Project("{FAE04EC0-301F-11D3-BF4B-00C04F79EFBC}") = "Charts", "Charts\Charts.csproj", "{3B8E2D36-4FBE-4811-90D6-AE039DD46FF9}"
EndProject
Global
	GlobalSection(SolutionConfigurationPlatforms) = preSolution
		Debug|Any CPU = Debug|Any CPU
		Release|Any CPU = Release|Any CPU
	EndGlobalSection
	GlobalSection(ProjectConfigurationPlatforms) = postSolution
		{955321ED-BE49-46E2-9465-B4A23E2411B3}.Debug|Any CPU.ActiveCfg = Debug|Any CPU
		{955321ED-BE49-46E2-9465-B4A23E2411B3}.Debug|Any CPU.Build.0 = Debug|Any CPU
		{955321ED-BE49-46E2-9465-B4A23E2411B3}.Release|Any CPU.ActiveCfg = Release|Any CPU
		{955321ED-BE49-46E2-9465-B4A23E2411B3}.Release|Any CPU.Build.0 = Release|Any CPU
		{3B8E2D36-4FBE-4811-90D6-AE039DD46FF9}.Debug|Any CPU.ActiveCfg = Debug|Any CPU
		{3B8E2D36-4FBE-4811-90D6-AE039DD46FF9}.Debug|Any CPU.Build.0 = Debug|Any CPU
		{3B8E2D36-4FBE-4811-90D6-AE039DD46FF9}.Release|Any CPU.ActiveCfg = Release|Any CPU
		{3B8E2D36-4FBE-4811-90D6-AE039DD46FF9}.Release|Any CPU.Build.0 = Release|Any CPU
	EndGlobalSection
	GlobalSection(SolutionProperties) = preSolution
		HideSolutionNode = FALSE
	EndGlobalSection
	GlobalSection(ExtensibilityGlobals) = postSolution
		SolutionGuid = {3D66900D-0CD4-4F89-9450-1325DEBC5343}
	EndGlobalSection
EndGlobal
